
Microsoft Visual Studio Solution File, Format Version 12.00
# Visual Studio 2013
VisualStudioVersion = 12.0.31101.0
MinimumVisualStudioVersion = 10.0.40219.1
Project("{2150E333-8FDC-42A3-9474-1A3956D46DE8}") = "Pointers", "Pointers", "{66665225-6B67-4EDF-A541-F052CFE52557}"
	ProjectSection(SolutionItems) = preProject
		definition.cpp = definition.cpp
		Readme2.txt = Readme2.txt
		Source.cpp = Source.cpp
	EndProjectSection
EndProject
Project("{8BC9CEB8-8B4A-11D0-8D11-00A0C91BC942}") = "PointersConsole", "ConsoleApplication1\ConsoleApplication1.vcxproj", "{C5AF874F-942C-44AF-B3F9-6029F03D3232}"
EndProject
Global
	GlobalSection(SolutionConfigurationPlatforms) = preSolution
		Debug|Win32 = Debug|Win32
		Release|Win32 = Release|Win32
	EndGlobalSection
	GlobalSection(ProjectConfigurationPlatforms) = postSolution
		{C5AF874F-942C-44AF-B3F9-6029F03D3232}.Debug|Win32.ActiveCfg = Release|Win32
		{C5AF874F-942C-44AF-B3F9-6029F03D3232}.Debug|Win32.Build.0 = Release|Win32
		{C5AF874F-942C-44AF-B3F9-6029F03D3232}.Release|Win32.ActiveCfg = Release|Win32
		{C5AF874F-942C-44AF-B3F9-6029F03D3232}.Release|Win32.Build.0 = Release|Win32
	EndGlobalSection
	GlobalSection(SolutionProperties) = preSolution
		HideSolutionNode = FALSE
	EndGlobalSection
EndGlobal
